# THIS IS AN AUTOGENERATED FILE. DO NOT EDIT THIS FILE DIRECTLY.
# yarn lockfile v1


"@material-design-icons/svg@^0.14.13":
  version "0.14.13"
  resolved "https://registry.yarnpkg.com/@material-design-icons/svg/-/svg-0.14.13.tgz#de5a79038cf8b281f4b47d79c07399b2b92fcfb7"
  integrity sha512-nCExGZOtoLoFeeqShEOM4XA9DkkLzLlQdk/ZxHxps0//dz6e1Lw3fvQbZ2X/+0Dz2O+udiEukfZ4Nd4KpHg8aA==
